
Microsoft Visual Studio Solution File, Format Version 12.00
# Visual Studio Version 17
VisualStudioVersion = 17.14.36127.28
MinimumVisualStudioVersion = 10.0.40219.1
Project("{2150E333-8FDC-42A3-9474-1A3956D46DE8}") = "Solution Items", "Solution Items", "{02EA681E-C7D8-13C7-8484-4AC65E1B71E8}"
	ProjectSection(SolutionItems) = preProject
		docker-compose.overide.yml = docker-compose.overide.yml
		docker-compose.yml = docker-compose.yml
		global.json = global.json
		README.md = README.md
	EndProjectSection
EndProject
Project("{2150E333-8FDC-42A3-9474-1A3956D46DE8}") = "src", "src", "{55DB623A-E912-47BC-8A21-8C6EE13FE9C2}"
EndProject
Project("{2150E333-8FDC-42A3-9474-1A3956D46DE8}") = "tests", "tests", "{C81107FA-FAA7-449E-9EE6-6C855B06B164}"
EndProject
Project("{2150E333-8FDC-42A3-9474-1A3956D46DE8}") = "ApiGateways", "ApiGateways", "{304720C4-72CE-4517-A249-647AE474761B}"
EndProject
Project("{2150E333-8FDC-42A3-9474-1A3956D46DE8}") = "BuildingBlocks", "BuildingBlocks", "{20F4E546-E0CE-4259-8AC3-D0105F00F172}"
EndProject
Project("{2150E333-8FDC-42A3-9474-1A3956D46DE8}") = "Services", "Services", "{A33AF115-0561-497B-8F2D-566F0C7D4CBB}"
EndProject
Project("{2150E333-8FDC-42A3-9474-1A3956D46DE8}") = "WebApps", "WebApps", "{D2159BD3-031E-4F38-A128-086FCAD43DE0}"
EndProject
Project("{FAE04EC0-301F-11D3-BF4B-00C04F79EFBC}") = "Common.Logging", "src\BuildingBlocks\Common.Logging\Common.Logging.csproj", "{23A49371-0809-9ACF-C8C8-7DC5C2AA214A}"
EndProject
Project("{FAE04EC0-301F-11D3-BF4B-00C04F79EFBC}") = "Contracts", "src\BuildingBlocks\Contracts\Contracts.csproj", "{FDD7B7E0-01E6-AF85-6538-1C160D4E0238}"
EndProject
Project("{FAE04EC0-301F-11D3-BF4B-00C04F79EFBC}") = "EventBus.Messages", "src\BuildingBlocks\EventBus.Messages\EventBus.Messages.csproj", "{992D618D-2178-B64E-3233-2DF95B18836A}"
EndProject
Project("{FAE04EC0-301F-11D3-BF4B-00C04F79EFBC}") = "Infrastructure", "src\BuildingBlocks\Infrastructure\Infrastructure.csproj", "{AB26A60D-052C-88B0-5F5B-4EE4407A1245}"
EndProject
Project("{FAE04EC0-301F-11D3-BF4B-00C04F79EFBC}") = "Shared", "src\BuildingBlocks\Shared\Shared.csproj", "{727FAA75-1BAE-D337-1854-9FDEE0D1BB37}"
EndProject
Project("{FAE04EC0-301F-11D3-BF4B-00C04F79EFBC}") = "Basket.API", "src\Services\Basket.API\Basket.API.csproj", "{398D90B1-293D-709F-C8C5-37D7A6C6666A}"
EndProject
Project("{FAE04EC0-301F-11D3-BF4B-00C04F79EFBC}") = "Customer.API", "src\Services\Customer.API\Customer.API.csproj", "{D30B4AEA-ECB0-5A8F-0A5D-C0208C33723B}"
EndProject
Project("{FAE04EC0-301F-11D3-BF4B-00C04F79EFBC}") = "Hangfire.API", "src\Services\Hangfire.API\Hangfire.API.csproj", "{73B618D0-A8A1-5D93-2D44-6B46B299415A}"
EndProject
Project("{FAE04EC0-301F-11D3-BF4B-00C04F79EFBC}") = "Inventory.Product.API", "src\Services\Inventory.Product.API\Inventory.Product.API.csproj", "{48223328-B0BC-B916-6565-B78ED2B24133}"
EndProject
Project("{FAE04EC0-301F-11D3-BF4B-00C04F79EFBC}") = "Ordering.API", "src\Services\Ordering.API\Ordering.API.csproj", "{51706A73-704E-A9D0-3134-6ACBC1B8E809}"
EndProject
Project("{FAE04EC0-301F-11D3-BF4B-00C04F79EFBC}") = "Product.API", "src\Services\Product.API\Product.API.csproj", "{A80DE78A-E665-EA30-6565-FC4E706A6F5D}"
EndProject
Project("{FAE04EC0-301F-11D3-BF4B-00C04F79EFBC}") = "WebHealthStatus", "src\WebApps\WebHealthStatus\WebHealthStatus.csproj", "{16390F21-6AE0-4C87-AFC0-3A5A1F60F82C}"
EndProject
Project("{FAE04EC0-301F-11D3-BF4B-00C04F79EFBC}") = "OcelotApiGw", "src\APIGateways\OcelotApiGw\OcelotApiGw.csproj", "{236AD099-1CBA-7D61-3848-190A95758126}"
EndProject
Global
	GlobalSection(SolutionConfigurationPlatforms) = preSolution
		Debug|Any CPU = Debug|Any CPU
		Release|Any CPU = Release|Any CPU
	EndGlobalSection
	GlobalSection(ProjectConfigurationPlatforms) = postSolution
		{23A49371-0809-9ACF-C8C8-7DC5C2AA214A}.Debug|Any CPU.ActiveCfg = Debug|Any CPU
		{23A49371-0809-9ACF-C8C8-7DC5C2AA214A}.Debug|Any CPU.Build.0 = Debug|Any CPU
		{23A49371-0809-9ACF-C8C8-7DC5C2AA214A}.Release|Any CPU.ActiveCfg = Release|Any CPU
		{23A49371-0809-9ACF-C8C8-7DC5C2AA214A}.Release|Any CPU.Build.0 = Release|Any CPU
		{FDD7B7E0-01E6-AF85-6538-1C160D4E0238}.Debug|Any CPU.ActiveCfg = Debug|Any CPU
		{FDD7B7E0-01E6-AF85-6538-1C160D4E0238}.Debug|Any CPU.Build.0 = Debug|Any CPU
		{FDD7B7E0-01E6-AF85-6538-1C160D4E0238}.Release|Any CPU.ActiveCfg = Release|Any CPU
		{FDD7B7E0-01E6-AF85-6538-1C160D4E0238}.Release|Any CPU.Build.0 = Release|Any CPU
		{992D618D-2178-B64E-3233-2DF95B18836A}.Debug|Any CPU.ActiveCfg = Debug|Any CPU
		{992D618D-2178-B64E-3233-2DF95B18836A}.Debug|Any CPU.Build.0 = Debug|Any CPU
		{992D618D-2178-B64E-3233-2DF95B18836A}.Release|Any CPU.ActiveCfg = Release|Any CPU
		{992D618D-2178-B64E-3233-2DF95B18836A}.Release|Any CPU.Build.0 = Release|Any CPU
		{AB26A60D-052C-88B0-5F5B-4EE4407A1245}.Debug|Any CPU.ActiveCfg = Debug|Any CPU
		{AB26A60D-052C-88B0-5F5B-4EE4407A1245}.Debug|Any CPU.Build.0 = Debug|Any CPU
		{AB26A60D-052C-88B0-5F5B-4EE4407A1245}.Release|Any CPU.ActiveCfg = Release|Any CPU
		{AB26A60D-052C-88B0-5F5B-4EE4407A1245}.Release|Any CPU.Build.0 = Release|Any CPU
		{727FAA75-1BAE-D337-1854-9FDEE0D1BB37}.Debug|Any CPU.ActiveCfg = Debug|Any CPU
		{727FAA75-1BAE-D337-1854-9FDEE0D1BB37}.Debug|Any CPU.Build.0 = Debug|Any CPU
		{727FAA75-1BAE-D337-1854-9FDEE0D1BB37}.Release|Any CPU.ActiveCfg = Release|Any CPU
		{727FAA75-1BAE-D337-1854-9FDEE0D1BB37}.Release|Any CPU.Build.0 = Release|Any CPU
		{398D90B1-293D-709F-C8C5-37D7A6C6666A}.Debug|Any CPU.ActiveCfg = Debug|Any CPU
		{398D90B1-293D-709F-C8C5-37D7A6C6666A}.Debug|Any CPU.Build.0 = Debug|Any CPU
		{398D90B1-293D-709F-C8C5-37D7A6C6666A}.Release|Any CPU.ActiveCfg = Release|Any CPU
		{398D90B1-293D-709F-C8C5-37D7A6C6666A}.Release|Any CPU.Build.0 = Release|Any CPU
		{D30B4AEA-ECB0-5A8F-0A5D-C0208C33723B}.Debug|Any CPU.ActiveCfg = Debug|Any CPU
		{D30B4AEA-ECB0-5A8F-0A5D-C0208C33723B}.Debug|Any CPU.Build.0 = Debug|Any CPU
		{D30B4AEA-ECB0-5A8F-0A5D-C0208C33723B}.Release|Any CPU.ActiveCfg = Release|Any CPU
		{D30B4AEA-ECB0-5A8F-0A5D-C0208C33723B}.Release|Any CPU.Build.0 = Release|Any CPU
		{73B618D0-A8A1-5D93-2D44-6B46B299415A}.Debug|Any CPU.ActiveCfg = Debug|Any CPU
		{73B618D0-A8A1-5D93-2D44-6B46B299415A}.Debug|Any CPU.Build.0 = Debug|Any CPU
		{73B618D0-A8A1-5D93-2D44-6B46B299415A}.Release|Any CPU.ActiveCfg = Release|Any CPU
		{73B618D0-A8A1-5D93-2D44-6B46B299415A}.Release|Any CPU.Build.0 = Release|Any CPU
		{48223328-B0BC-B916-6565-B78ED2B24133}.Debug|Any CPU.ActiveCfg = Debug|Any CPU
		{48223328-B0BC-B916-6565-B78ED2B24133}.Debug|Any CPU.Build.0 = Debug|Any CPU
		{48223328-B0BC-B916-6565-B78ED2B24133}.Release|Any CPU.ActiveCfg = Release|Any CPU
		{48223328-B0BC-B916-6565-B78ED2B24133}.Release|Any CPU.Build.0 = Release|Any CPU
		{51706A73-704E-A9D0-3134-6ACBC1B8E809}.Debug|Any CPU.ActiveCfg = Debug|Any CPU
		{51706A73-704E-A9D0-3134-6ACBC1B8E809}.Debug|Any CPU.Build.0 = Debug|Any CPU
		{51706A73-704E-A9D0-3134-6ACBC1B8E809}.Release|Any CPU.ActiveCfg = Release|Any CPU
		{51706A73-704E-A9D0-3134-6ACBC1B8E809}.Release|Any CPU.Build.0 = Release|Any CPU
		{A80DE78A-E665-EA30-6565-FC4E706A6F5D}.Debug|Any CPU.ActiveCfg = Debug|Any CPU
		{A80DE78A-E665-EA30-6565-FC4E706A6F5D}.Debug|Any CPU.Build.0 = Debug|Any CPU
		{A80DE78A-E665-EA30-6565-FC4E706A6F5D}.Release|Any CPU.ActiveCfg = Release|Any CPU
		{A80DE78A-E665-EA30-6565-FC4E706A6F5D}.Release|Any CPU.Build.0 = Release|Any CPU
		{16390F21-6AE0-4C87-AFC0-3A5A1F60F82C}.Debug|Any CPU.ActiveCfg = Debug|Any CPU
		{16390F21-6AE0-4C87-AFC0-3A5A1F60F82C}.Debug|Any CPU.Build.0 = Debug|Any CPU
		{16390F21-6AE0-4C87-AFC0-3A5A1F60F82C}.Release|Any CPU.ActiveCfg = Release|Any CPU
		{16390F21-6AE0-4C87-AFC0-3A5A1F60F82C}.Release|Any CPU.Build.0 = Release|Any CPU
		{236AD099-1CBA-7D61-3848-190A95758126}.Debug|Any CPU.ActiveCfg = Debug|Any CPU
		{236AD099-1CBA-7D61-3848-190A95758126}.Debug|Any CPU.Build.0 = Debug|Any CPU
		{236AD099-1CBA-7D61-3848-190A95758126}.Release|Any CPU.ActiveCfg = Release|Any CPU
		{236AD099-1CBA-7D61-3848-190A95758126}.Release|Any CPU.Build.0 = Release|Any CPU
	EndGlobalSection
	GlobalSection(SolutionProperties) = preSolution
		HideSolutionNode = FALSE
	EndGlobalSection
	GlobalSection(NestedProjects) = preSolution
		{304720C4-72CE-4517-A249-647AE474761B} = {55DB623A-E912-47BC-8A21-8C6EE13FE9C2}
		{20F4E546-E0CE-4259-8AC3-D0105F00F172} = {55DB623A-E912-47BC-8A21-8C6EE13FE9C2}
		{A33AF115-0561-497B-8F2D-566F0C7D4CBB} = {55DB623A-E912-47BC-8A21-8C6EE13FE9C2}
		{D2159BD3-031E-4F38-A128-086FCAD43DE0} = {55DB623A-E912-47BC-8A21-8C6EE13FE9C2}
		{23A49371-0809-9ACF-C8C8-7DC5C2AA214A} = {20F4E546-E0CE-4259-8AC3-D0105F00F172}
		{FDD7B7E0-01E6-AF85-6538-1C160D4E0238} = {20F4E546-E0CE-4259-8AC3-D0105F00F172}
		{992D618D-2178-B64E-3233-2DF95B18836A} = {20F4E546-E0CE-4259-8AC3-D0105F00F172}
		{AB26A60D-052C-88B0-5F5B-4EE4407A1245} = {20F4E546-E0CE-4259-8AC3-D0105F00F172}
		{727FAA75-1BAE-D337-1854-9FDEE0D1BB37} = {20F4E546-E0CE-4259-8AC3-D0105F00F172}
		{398D90B1-293D-709F-C8C5-37D7A6C6666A} = {A33AF115-0561-497B-8F2D-566F0C7D4CBB}
		{D30B4AEA-ECB0-5A8F-0A5D-C0208C33723B} = {A33AF115-0561-497B-8F2D-566F0C7D4CBB}
		{73B618D0-A8A1-5D93-2D44-6B46B299415A} = {A33AF115-0561-497B-8F2D-566F0C7D4CBB}
		{48223328-B0BC-B916-6565-B78ED2B24133} = {A33AF115-0561-497B-8F2D-566F0C7D4CBB}
		{51706A73-704E-A9D0-3134-6ACBC1B8E809} = {A33AF115-0561-497B-8F2D-566F0C7D4CBB}
		{A80DE78A-E665-EA30-6565-FC4E706A6F5D} = {A33AF115-0561-497B-8F2D-566F0C7D4CBB}
		{16390F21-6AE0-4C87-AFC0-3A5A1F60F82C} = {D2159BD3-031E-4F38-A128-086FCAD43DE0}
		{236AD099-1CBA-7D61-3848-190A95758126} = {304720C4-72CE-4517-A249-647AE474761B}
	EndGlobalSection
	GlobalSection(ExtensibilityGlobals) = postSolution
		SolutionGuid = {3A6D3719-F49A-4A29-B127-E947DBE8962A}
	EndGlobalSection
EndGlobal
